// !$*UTF8*$!
{
	archiveVersion = 1;
	classes = {
	};
	objectVersion = 55;
	objects = {

/* Begin PBXBuildFile section */
		182596382825441200D34575 /* AppDelegate.swift in Sources */ = {isa = PBXBuildFile; fileRef = 182596372825441200D34575 /* AppDelegate.swift */; };
		1825963A2825441200D34575 /* SceneDelegate.swift in Sources */ = {isa = PBXBuildFile; fileRef = 182596392825441200D34575 /* SceneDelegate.swift */; };
		1825963C2825441200D34575 /* ViewController.swift in Sources */ = {isa = PBXBuildFile; fileRef = 1825963B2825441200D34575 /* ViewController.swift */; };
		182596412825441300D34575 /* Assets.xcassets in Resources */ = {isa = PBXBuildFile; fileRef = 182596402825441300D34575 /* Assets.xcassets */; };
		182596442825441300D34575 /* LaunchScreen.storyboard in Resources */ = {isa = PBXBuildFile; fileRef = 182596422825441300D34575 /* LaunchScreen.storyboard */; };
		1825964F2825441300D34575 /* MockyaTests.swift in Sources */ = {isa = PBXBuildFile; fileRef = 1825964E2825441300D34575 /* MockyaTests.swift */; };
		182596592825441300D34575 /* MockyaUITests.swift in Sources */ = {isa = PBXBuildFile; fileRef = 182596582825441300D34575 /* MockyaUITests.swift */; };
		1825965B2825441300D34575 /* MockyaUITestsLaunchTests.swift in Sources */ = {isa = PBXBuildFile; fileRef = 1825965A2825441300D34575 /* MockyaUITestsLaunchTests.swift */; };
		1825966A282548BE00D34575 /* ViewModel.swift in Sources */ = {isa = PBXBuildFile; fileRef = 18259669282548BE00D34575 /* ViewModel.swift */; };
		1825966E2825505300D34575 /* Moya in Frameworks */ = {isa = PBXBuildFile; productRef = 1825966D2825505300D34575 /* Moya */; };
/* End PBXBuildFile section */

/* Begin PBXContainerItemProxy section */
		1825964B2825441300D34575 /* PBXContainerItemProxy */ = {
			isa = PBXContainerItemProxy;
			containerPortal = 1825962C2825441200D34575 /* Project object */;
			proxyType = 1;
			remoteGlobalIDString = 182596332825441200D34575;
			remoteInfo = Mockya;
		};
		182596552825441300D34575 /* PBXContainerItemProxy */ = {
			isa = PBXContainerItemProxy;
			containerPortal = 1825962C2825441200D34575 /* Project object */;
			proxyType = 1;
			remoteGlobalIDString = 182596332825441200D34575;
			remoteInfo = Mockya;
		};
/* End PBXContainerItemProxy section */

/* Begin PBXFileReference section */
		182596342825441200D34575 /* Mockya.app */ = {isa = PBXFileReference; explicitFileType = wrapper.application; includeInIndex = 0; path = Mockya.app; sourceTree = BUILT_PRODUCTS_DIR; };
		182596372825441200D34575 /* AppDelegate.swift */ = {isa = PBXFileReference; lastKnownFileType = sourcecode.swift; path = AppDelegate.swift; sourceTree = "<group>"; };
		182596392825441200D34575 /* SceneDelegate.swift */ = {isa = PBXFileReference; lastKnownFileType = sourcecode.swift; path = SceneDelegate.swift; sourceTree = "<group>"; };
		1825963B2825441200D34575 /* ViewController.swift */ = {isa = PBXFileReference; lastKnownFileType = sourcecode.swift; path = ViewController.swift; sourceTree = "<group>"; };
		182596402825441300D34575 /* Assets.xcassets */ = {isa = PBXFileReference; lastKnownFileType = folder.assetcatalog; path = Assets.xcassets; sourceTree = "<group>"; };
		182596432825441300D34575 /* Base */ = {isa = PBXFileReference; lastKnownFileType = file.storyboard; name = Base; path = Base.lproj/LaunchScreen.storyboard; sourceTree = "<group>"; };
		182596452825441300D34575 /* Info.plist */ = {isa = PBXFileReference; lastKnownFileType = text.plist.xml; path = Info.plist; sourceTree = "<group>"; };
		1825964A2825441300D34575 /* MockyaTests.xctest */ = {isa = PBXFileReference; explicitFileType = wrapper.cfbundle; includeInIndex = 0; path = MockyaTests.xctest; sourceTree = BUILT_PRODUCTS_DIR; };
		1825964E2825441300D34575 /* MockyaTests.swift */ = {isa = PBXFileReference; lastKnownFileType = sourcecode.swift; path = MockyaTests.swift; sourceTree = "<group>"; };
		182596542825441300D34575 /* MockyaUITests.xctest */ = {isa = PBXFileReference; explicitFileType = wrapper.cfbundle; includeInIndex = 0; path = MockyaUITests.xctest; sourceTree = BUILT_PRODUCTS_DIR; };
		182596582825441300D34575 /* MockyaUITests.swift */ = {isa = PBXFileReference; lastKnownFileType = sourcecode.swift; path = MockyaUITests.swift; sourceTree = "<group>"; };
		1825965A2825441300D34575 /* MockyaUITestsLaunchTests.swift */ = {isa = PBXFileReference; lastKnownFileType = sourcecode.swift; path = MockyaUITestsLaunchTests.swift; sourceTree = "<group>"; };
		18259669282548BE00D34575 /* ViewModel.swift */ = {isa = PBXFileReference; lastKnownFileType = sourcecode.swift; path = ViewModel.swift; sourceTree = "<group>"; };
		1825966F2825509F00D34575 /* Network */ = {isa = PBXFileReference; lastKnownFileType = wrapper; name = Network; path = ../Network; sourceTree = "<group>"; };
/* End PBXFileReference section */

/* Begin PBXFrameworksBuildPhase section */
		182596312825441200D34575 /* Frameworks */ = {
			isa = PBXFrameworksBuildPhase;
			buildActionMask = 2147483647;
			files = (
				1825966E2825505300D34575 /* Moya in Frameworks */,
			);
			runOnlyForDeploymentPostprocessing = 0;
		};
		182596472825441300D34575 /* Frameworks */ = {
			isa = PBXFrameworksBuildPhase;
			buildActionMask = 2147483647;
			files = (
			);
			runOnlyForDeploymentPostprocessing = 0;
		};
		182596512825441300D34575 /* Frameworks */ = {
			isa = PBXFrameworksBuildPhase;
			buildActionMask = 2147483647;
			files = (
			);
			runOnlyForDeploymentPostprocessing = 0;
		};
/* End PBXFrameworksBuildPhase section */

/* Begin PBXGroup section */
		1825962B2825441200D34575 = {
			isa = PBXGroup;
			children = (
				1825966F2825509F00D34575 /* Network */,
				182596362825441200D34575 /* Mockya */,
				1825964D2825441300D34575 /* MockyaTests */,
				182596572825441300D34575 /* MockyaUITests */,
				182596352825441200D34575 /* Products */,
			);
			sourceTree = "<group>";
		};
		182596352825441200D34575 /* Products */ = {
			isa = PBXGroup;
			children = (
				182596342825441200D34575 /* Mockya.app */,
				1825964A2825441300D34575 /* MockyaTests.xctest */,
				182596542825441300D34575 /* MockyaUITests.xctest */,
			);
			name = Products;
			sourceTree = "<group>";
		};
		182596362825441200D34575 /* Mockya */ = {
			isa = PBXGroup;
			children = (
				18259667282546D400D34575 /* Common */,
				18259668282546E700D34575 /* Scene */,
				182596402825441300D34575 /* Assets.xcassets */,
				182596452825441300D34575 /* Info.plist */,
			);
			path = Mockya;
			sourceTree = "<group>";
		};
		1825964D2825441300D34575 /* MockyaTests */ = {
			isa = PBXGroup;
			children = (
				1825964E2825441300D34575 /* MockyaTests.swift */,
			);
			path = MockyaTests;
			sourceTree = "<group>";
		};
		182596572825441300D34575 /* MockyaUITests */ = {
			isa = PBXGroup;
			children = (
				182596582825441300D34575 /* MockyaUITests.swift */,
				1825965A2825441300D34575 /* MockyaUITestsLaunchTests.swift */,
			);
			path = MockyaUITests;
			sourceTree = "<group>";
		};
		18259667282546D400D34575 /* Common */ = {
			isa = PBXGroup;
			children = (
				182596372825441200D34575 /* AppDelegate.swift */,
				182596392825441200D34575 /* SceneDelegate.swift */,
				182596422825441300D34575 /* LaunchScreen.storyboard */,
			);
			path = Common;
			sourceTree = "<group>";
		};
		18259668282546E700D34575 /* Scene */ = {
			isa = PBXGroup;
			children = (
				1825963B2825441200D34575 /* ViewController.swift */,
				18259669282548BE00D34575 /* ViewModel.swift */,
			);
			path = Scene;
			sourceTree = "<group>";
		};
/* End PBXGroup section */

/* Begin PBXNativeTarget section */
		182596332825441200D34575 /* Mockya */ = {
			isa = PBXNativeTarget;
			buildConfigurationList = 1825965E2825441300D34575 /* Build configuration list for PBXNativeTarget "Mockya" */;
			buildPhases = (
				182596302825441200D34575 /* Sources */,
				182596312825441200D34575 /* Frameworks */,
				182596322825441200D34575 /* Resources */,
			);
			buildRules = (
			);
			dependencies = (
			);
			name = Mockya;
			packageProductDependencies = (
				1825966D2825505300D34575 /* Moya */,
			);
			productName = Mockya;
			productReference = 182596342825441200D34575 /* Mockya.app */;
			productType = "com.apple.product-type.application";
		};
		182596492825441300D34575 /* MockyaTests */ = {
			isa = PBXNativeTarget;
			buildConfigurationList = 182596612825441300D34575 /* Build configuration list for PBXNativeTarget "MockyaTests" */;
			buildPhases = (
				182596462825441300D34575 /* Sources */,
				182596472825441300D34575 /* Frameworks */,
				182596482825441300D34575 /* Resources */,
			);
			buildRules = (
			);
			dependencies = (
				1825964C2825441300D34575 /* PBXTargetDependency */,
			);
			name = MockyaTests;
			productName = MockyaTests;
			productReference = 1825964A2825441300D34575 /* MockyaTests.xctest */;
			productType = "com.apple.product-type.bundle.unit-test";
		};
		182596532825441300D34575 /* MockyaUITests */ = {
			isa = PBXNativeTarget;
			buildConfigurationList = 182596642825441300D34575 /* Build configuration list for PBXNativeTarget "MockyaUITests" */;
			buildPhases = (
				182596502825441300D34575 /* Sources */,
				182596512825441300D34575 /* Frameworks */,
				182596522825441300D34575 /* Resources */,
			);
			buildRules = (
			);
			dependencies = (
				182596562825441300D34575 /* PBXTargetDependency */,
			);
			name = MockyaUITests;
			productName = MockyaUITests;
			productReference = 182596542825441300D34575 /* MockyaUITests.xctest */;
			productType = "com.apple.product-type.bundle.ui-testing";
		};
/* End PBXNativeTarget section */

/* Begin PBXProject section */
		1825962C2825441200D34575 /* Project object */ = {
			isa = PBXProject;
			attributes = {
				BuildIndependentTargetsInParallel = 1;
				LastSwiftUpdateCheck = 1330;
				LastUpgradeCheck = 1330;
				TargetAttributes = {
					182596332825441200D34575 = {
						CreatedOnToolsVersion = 13.3.1;
					};
					182596492825441300D34575 = {
						CreatedOnToolsVersion = 13.3.1;
						TestTargetID = 182596332825441200D34575;
					};
					182596532825441300D34575 = {
						CreatedOnToolsVersion = 13.3.1;
						TestTargetID = 182596332825441200D34575;
					};
				};
			};
			buildConfigurationList = 1825962F2825441200D34575 /* Build configuration list for PBXProject "Mockya" */;
			compatibilityVersion = "Xcode 13.0";
			developmentRegion = en;
			hasScannedForEncodings = 0;
			knownRegions = (
				en,
				Base,
			);
			mainGroup = 1825962B2825441200D34575;
			packageReferences = (
				1825966C2825505300D34575 /* XCRemoteSwiftPackageReference "Moya" */,
			);
			productRefGroup = 182596352825441200D34575 /* Products */;
			projectDirPath = "";
			projectRoot = "";
			targets = (
				182596332825441200D34575 /* Mockya */,
				182596492825441300D34575 /* MockyaTests */,
				182596532825441300D34575 /* MockyaUITests */,
			);
		};
/* End PBXProject section */

/* Begin PBXResourcesBuildPhase section */
		182596322825441200D34575 /* Resources */ = {
			isa = PBXResourcesBuildPhase;
			buildActionMask = 2147483647;
			files = (
				182596442825441300D34575 /* LaunchScreen.storyboard in Resources */,
				182596412825441300D34575 /* Assets.xcassets in Resources */,
			);
			runOnlyForDeploymentPostprocessing = 0;
		};
		182596482825441300D34575 /* Resources */ = {
			isa = PBXResourcesBuildPhase;
			buildActionMask = 2147483647;
			files = (
			);
			runOnlyForDeploymentPostprocessing = 0;
		};
		182596522825441300D34575 /* Resources */ = {
			isa = PBXResourcesBuildPhase;
			buildActionMask = 2147483647;
			files = (
			);
			runOnlyForDeploymentPostprocessing = 0;
		};
/* End PBXResourcesBuildPhase section */

/* Begin PBXSourcesBuildPhase section */
		182596302825441200D34575 /* Sources */ = {
			isa = PBXSourcesBuildPhase;
			buildActionMask = 2147483647;
			files = (
				1825963C2825441200D34575 /* ViewController.swift in Sources */,
				182596382825441200D34575 /* AppDelegate.swift in Sources */,
				1825966A282548BE00D34575 /* ViewModel.swift in Sources */,
				1825963A2825441200D34575 /* SceneDelegate.swift in Sources */,
			);
			runOnlyForDeploymentPostprocessing = 0;
		};
		182596462825441300D34575 /* Sources */ = {
			isa = PBXSourcesBuildPhase;
			buildActionMask = 2147483647;
			files = (
				1825964F2825441300D34575 /* MockyaTests.swift in Sources */,
			);
			runOnlyForDeploymentPostprocessing = 0;
		};
		182596502825441300D34575 /* Sources */ = {
			isa = PBXSourcesBuildPhase;
			buildActionMask = 2147483647;
			files = (
				1825965B2825441300D34575 /* MockyaUITestsLaunchTests.swift in Sources */,
				182596592825441300D34575 /* MockyaUITests.swift in Sources */,
			);
			runOnlyForDeploymentPostprocessing = 0;
		};
/* End PBXSourcesBuildPhase section */

/* Begin PBXTargetDependency section */
		1825964C2825441300D34575 /* PBXTargetDependency */ = {
			isa = PBXTargetDependency;
			target = 182596332825441200D34575 /* Mockya */;
			targetProxy = 1825964B2825441300D34575 /* PBXContainerItemProxy */;
		};
		182596562825441300D34575 /* PBXTargetDependency */ = {
			isa = PBXTargetDependency;
			target = 182596332825441200D34575 /* Mockya */;
			targetProxy = 182596552825441300D34575 /* PBXContainerItemProxy */;
		};
/* End PBXTargetDependency section */

/* Begin PBXVariantGroup section */
		182596422825441300D34575 /* LaunchScreen.storyboard */ = {
			isa = PBXVariantGroup;
			children = (
				182596432825441300D34575 /* Base */,
			);
			name = LaunchScreen.storyboard;
			sourceTree = "<group>";
		};
/* End PBXVariantGroup section */

/* Begin XCBuildConfiguration section */
		1825965C2825441300D34575 /* Debug */ = {
			isa = XCBuildConfiguration;
			buildSettings = {
				ALWAYS_SEARCH_USER_PATHS = NO;
				CLANG_ANALYZER_NONNULL = YES;
				CLANG_ANALYZER_NUMBER_OBJECT_CONVERSION = YES_AGGRESSIVE;
				CLANG_CXX_LANGUAGE_STANDARD = "gnu++17";
				CLANG_ENABLE_MODULES = YES;
				CLANG_ENABLE_OBJC_ARC = YES;
				CLANG_ENABLE_OBJC_WEAK = YES;
				CLANG_WARN_BLOCK_CAPTURE_AUTORELEASING = YES;
				CLANG_WARN_BOOL_CONVERSION = YES;
				CLANG_WARN_COMMA = YES;
				CLANG_WARN_CONSTANT_CONVERSION = YES;
				CLANG_WARN_DEPRECATED_OBJC_IMPLEMENTATIONS = YES;
				CLANG_WARN_DIRECT_OBJC_ISA_USAGE = YES_ERROR;
				CLANG_WARN_DOCUMENTATION_COMMENTS = YES;
				CLANG_WARN_EMPTY_BODY = YES;
				CLANG_WARN_ENUM_CONVERSION = YES;
				CLANG_WARN_INFINITE_RECURSION = YES;
				CLANG_WARN_INT_CONVERSION = YES;
				CLANG_WARN_NON_LITERAL_NULL_CONVERSION = YES;
				CLANG_WARN_OBJC_IMPLICIT_RETAIN_SELF = YES;
				CLANG_WARN_OBJC_LITERAL_CONVERSION = YES;
				CLANG_WARN_OBJC_ROOT_CLASS = YES_ERROR;
				CLANG_WARN_QUOTED_INCLUDE_IN_FRAMEWORK_HEADER = YES;
				CLANG_WARN_RANGE_LOOP_ANALYSIS = YES;
				CLANG_WARN_STRICT_PROTOTYPES = YES;
				CLANG_WARN_SUSPICIOUS_MOVE = YES;
				CLANG_WARN_UNGUARDED_AVAILABILITY = YES_AGGRESSIVE;
				CLANG_WARN_UNREACHABLE_CODE = YES;
				CLANG_WARN__DUPLICATE_METHOD_MATCH = YES;
				COPY_PHASE_STRIP = NO;
				DEBUG_INFORMATION_FORMAT = dwarf;
				ENABLE_STRICT_OBJC_MSGSEND = YES;
				ENABLE_TESTABILITY = YES;
				GCC_C_LANGUAGE_STANDARD = gnu11;
				GCC_DYNAMIC_NO_PIC = NO;
				GCC_NO_COMMON_BLOCKS = YES;
				GCC_OPTIMIZATION_LEVEL = 0;
				GCC_PREPROCESSOR_DEFINITIONS = (
					"DEBUG=1",
					"$(inherited)",
				);
				GCC_WARN_64_TO_32_BIT_CONVERSION = YES;
				GCC_WARN_ABOUT_RETURN_TYPE = YES_ERROR;
				GCC_WARN_UNDECLARED_SELECTOR = YES;
				GCC_WARN_UNINITIALIZED_AUTOS = YES_AGGRESSIVE;
				GCC_WARN_UNUSED_FUNCTION = YES;
				GCC_WARN_UNUSED_VARIABLE = YES;
				IPHONEOS_DEPLOYMENT_TARGET = 15.4;
				MTL_ENABLE_DEBUG_INFO = INCLUDE_SOURCE;
				MTL_FAST_MATH = YES;
				ONLY_ACTIVE_ARCH = YES;
				SDKROOT = iphoneos;
				SWIFT_ACTIVE_COMPILATION_CONDITIONS = DEBUG;
				SWIFT_OPTIMIZATION_LEVEL = "-Onone";
			};
			name = Debug;
		};
		1825965D2825441300D34575 /* Release */ = {
			isa = XCBuildConfiguration;
			buildSettings = {
				ALWAYS_SEARCH_USER_PATHS = NO;
				CLANG_ANALYZER_NONNULL = YES;
				CLANG_ANALYZER_NUMBER_OBJECT_CONVERSION = YES_AGGRESSIVE;
				CLANG_CXX_LANGUAGE_STANDARD = "gnu++17";
				CLANG_ENABLE_MODULES = YES;
				CLANG_ENABLE_OBJC_ARC = YES;
				CLANG_ENABLE_OBJC_WEAK = YES;
				CLANG_WARN_BLOCK_CAPTURE_AUTORELEASING = YES;
				CLANG_WARN_BOOL_CONVERSION = YES;
				CLANG_WARN_COMMA = YES;
				CLANG_WARN_CONSTANT_CONVERSION = YES;
				CLANG_WARN_DEPRECATED_OBJC_IMPLEMENTATIONS = YES;
				CLANG_WARN_DIRECT_OBJC_ISA_USAGE = YES_ERROR;
				CLANG_WARN_DOCUMENTATION_COMMENTS = YES;
				CLANG_WARN_EMPTY_BODY = YES;
				CLANG_WARN_ENUM_CONVERSION = YES;
				CLANG_WARN_INFINITE_RECURSION = YES;
				CLANG_WARN_INT_CONVERSION = YES;
				CLANG_WARN_NON_LITERAL_NULL_CONVERSION = YES;
				CLANG_WARN_OBJC_IMPLICIT_RETAIN_SELF = YES;
				CLANG_WARN_OBJC_LITERAL_CONVERSION = YES;
				CLANG_WARN_OBJC_ROOT_CLASS = YES_ERROR;
				CLANG_WARN_QUOTED_INCLUDE_IN_FRAMEWORK_HEADER = YES;
				CLANG_WARN_RANGE_LOOP_ANALYSIS = YES;
				CLANG_WARN_STRICT_PROTOTYPES = YES;
				CLANG_WARN_SUSPICIOUS_MOVE = YES;
				CLANG_WARN_UNGUARDED_AVAILABILITY = YES_AGGRESSIVE;
				CLANG_WARN_UNREACHABLE_CODE = YES;
				CLANG_WARN__DUPLICATE_METHOD_MATCH = YES;
				COPY_PHASE_STRIP = NO;
				DEBUG_INFORMATION_FORMAT = "dwarf-with-dsym";
				ENABLE_NS_ASSERTIONS = NO;
				ENABLE_STRICT_OBJC_MSGSEND = YES;
				GCC_C_LANGUAGE_STANDARD = gnu11;
				GCC_NO_COMMON_BLOCKS = YES;
				GCC_WARN_64_TO_32_BIT_CONVERSION = YES;
				GCC_WARN_ABOUT_RETURN_TYPE = YES_ERROR;
				GCC_WARN_UNDECLARED_SELECTOR = YES;
				GCC_WARN_UNINITIALIZED_AUTOS = YES_AGGRESSIVE;
				GCC_WARN_UNUSED_FUNCTION = YES;
				GCC_WARN_UNUSED_VARIABLE = YES;
				IPHONEOS_DEPLOYMENT_TARGET = 15.4;
				MTL_ENABLE_DEBUG_INFO = NO;
				MTL_FAST_MATH = YES;
				SDKROOT = iphoneos;
				SWIFT_COMPILATION_MODE = wholemodule;
				SWIFT_OPTIMIZATION_LEVEL = "-O";
				VALIDATE_PRODUCT = YES;
			};
			name = Release;
		};
		1825965F2825441300D34575 /* Debug */ = {
			isa = XCBuildConfiguration;
			buildSettings = {
				ASSETCATALOG_COMPILER_APPICON_NAME = AppIcon;
				ASSETCATALOG_COMPILER_GLOBAL_ACCENT_COLOR_NAME = AccentColor;
				CODE_SIGN_STYLE = Automatic;
				CURRENT_PROJECT_VERSION = 1;
				DEVELOPMENT_TEAM = BJFSMC5J9X;
				GENERATE_INFOPLIST_FILE = YES;
				INFOPLIST_FILE = Mockya/Info.plist;
				INFOPLIST_KEY_UIApplicationSupportsIndirectInputEvents = YES;
				INFOPLIST_KEY_UILaunchStoryboardName = LaunchScreen;
				INFOPLIST_KEY_UISupportedInterfaceOrientations_iPad = "UIInterfaceOrientationPortrait UIInterfaceOrientationPortraitUpsideDown UIInterfaceOrientationLandscapeLeft UIInterfaceOrientationLandscapeRight";
				INFOPLIST_KEY_UISupportedInterfaceOrientations_iPhone = "UIInterfaceOrientationPortrait UIInterfaceOrientationLandscapeLeft UIInterfaceOrientationLandscapeRight";
				LD_RUNPATH_SEARCH_PATHS = (
					"$(inherited)",
					"@executable_path/Frameworks",
				);
				MARKETING_VERSION = 1.0;
				PRODUCT_BUNDLE_IDENTIFIER = br.com.thonatas.Mockya;
				PRODUCT_NAME = "$(TARGET_NAME)";
				SWIFT_EMIT_LOC_STRINGS = YES;
				SWIFT_VERSION = 5.0;
				TARGETED_DEVICE_FAMILY = "1,2";
			};
			name = Debug;
		};
		182596602825441300D34575 /* Release */ = {
			isa = XCBuildConfiguration;
			buildSettings = {
				ASSETCATALOG_COMPILER_APPICON_NAME = AppIcon;
				ASSETCATALOG_COMPILER_GLOBAL_ACCENT_COLOR_NAME = AccentColor;
				CODE_SIGN_STYLE = Automatic;
				CURRENT_PROJECT_VERSION = 1;
				DEVELOPMENT_TEAM = BJFSMC5J9X;
				GENERATE_INFOPLIST_FILE = YES;
				INFOPLIST_FILE = Mockya/Info.plist;
				INFOPLIST_KEY_UIApplicationSupportsIndirectInputEvents = YES;
				INFOPLIST_KEY_UILaunchStoryboardName = LaunchScreen;
				INFOPLIST_KEY_UISupportedInterfaceOrientations_iPad = "UIInterfaceOrientationPortrait UIInterfaceOrientationPortraitUpsideDown UIInterfaceOrientationLandscapeLeft UIInterfaceOrientationLandscapeRight";
				INFOPLIST_KEY_UISupportedInterfaceOrientations_iPhone = "UIInterfaceOrientationPortrait UIInterfaceOrientationLandscapeLeft UIInterfaceOrientationLandscapeRight";
				LD_RUNPATH_SEARCH_PATHS = (
					"$(inherited)",
					"@executable_path/Frameworks",
				);
				MARKETING_VERSION = 1.0;
				PRODUCT_BUNDLE_IDENTIFIER = br.com.thonatas.Mockya;
				PRODUCT_NAME = "$(TARGET_NAME)";
				SWIFT_EMIT_LOC_STRINGS = YES;
				SWIFT_VERSION = 5.0;
				TARGETED_DEVICE_FAMILY = "1,2";
			};
			name = Release;
		};
		182596622825441300D34575 /* Debug */ = {
			isa = XCBuildConfiguration;
			buildSettings = {
				ALWAYS_EMBED_SWIFT_STANDARD_LIBRARIES = YES;
				BUNDLE_LOADER = "$(TEST_HOST)";
				CODE_SIGN_STYLE = Automatic;
				CURRENT_PROJECT_VERSION = 1;
				DEVELOPMENT_TEAM = BJFSMC5J9X;
				GENERATE_INFOPLIST_FILE = YES;
				IPHONEOS_DEPLOYMENT_TARGET = 15.4;
				MARKETING_VERSION = 1.0;
				PRODUCT_BUNDLE_IDENTIFIER = br.com.thonatas.MockyaTests;
				PRODUCT_NAME = "$(TARGET_NAME)";
				SWIFT_EMIT_LOC_STRINGS = NO;
				SWIFT_VERSION = 5.0;
				TARGETED_DEVICE_FAMILY = "1,2";
				TEST_HOST = "$(BUILT_PRODUCTS_DIR)/Mockya.app/Mockya";
			};
			name = Debug;
		};
		182596632825441300D34575 /* Release */ = {
			isa = XCBuildConfiguration;
			buildSettings = {
				ALWAYS_EMBED_SWIFT_STANDARD_LIBRARIES = YES;
				BUNDLE_LOADER = "$(TEST_HOST)";
				CODE_SIGN_STYLE = Automatic;
				CURRENT_PROJECT_VERSION = 1;
				DEVELOPMENT_TEAM = BJFSMC5J9X;
				GENERATE_INFOPLIST_FILE = YES;
				IPHONEOS_DEPLOYMENT_TARGET = 15.4;
				MARKETING_VERSION = 1.0;
				PRODUCT_BUNDLE_IDENTIFIER = br.com.thonatas.MockyaTests;
				PRODUCT_NAME = "$(TARGET_NAME)";
				SWIFT_EMIT_LOC_STRINGS = NO;
				SWIFT_VERSION = 5.0;
				TARGETED_DEVICE_FAMILY = "1,2";
				TEST_HOST = "$(BUILT_PRODUCTS_DIR)/Mockya.app/Mockya";
			};
			name = Release;
		};
		182596652825441300D34575 /* Debug */ = {
			isa = XCBuildConfiguration;
			buildSettings = {
				ALWAYS_EMBED_SWIFT_STANDARD_LIBRARIES = YES;
				CODE_SIGN_STYLE = Automatic;
				CURRENT_PROJECT_VERSION = 1;
				DEVELOPMENT_TEAM = BJFSMC5J9X;
				GENERATE_INFOPLIST_FILE = YES;
				MARKETING_VERSION = 1.0;
				PRODUCT_BUNDLE_IDENTIFIER = br.com.thonatas.MockyaUITests;
				PRODUCT_NAME = "$(TARGET_NAME)";
				SWIFT_EMIT_LOC_STRINGS = NO;
				SWIFT_VERSION = 5.0;
				TARGETED_DEVICE_FAMILY = "1,2";
				TEST_TARGET_NAME = Mockya;
			};
			name = Debug;
		};
		182596662825441300D34575 /* Release */ = {
			isa = XCBuildConfiguration;
			buildSettings = {
				ALWAYS_EMBED_SWIFT_STANDARD_LIBRARIES = YES;
				CODE_SIGN_STYLE = Automatic;
				CURRENT_PROJECT_VERSION = 1;
				DEVELOPMENT_TEAM = BJFSMC5J9X;
				GENERATE_INFOPLIST_FILE = YES;
				MARKETING_VERSION = 1.0;
				PRODUCT_BUNDLE_IDENTIFIER = br.com.thonatas.MockyaUITests;
				PRODUCT_NAME = "$(TARGET_NAME)";
				SWIFT_EMIT_LOC_STRINGS = NO;
				SWIFT_VERSION = 5.0;
				TARGETED_DEVICE_FAMILY = "1,2";
				TEST_TARGET_NAME = Mockya;
			};
			name = Release;
		};
/* End XCBuildConfiguration section */

/* Begin XCConfigurationList section */
		1825962F2825441200D34575 /* Build configuration list for PBXProject "Mockya" */ = {
			isa = XCConfigurationList;
			buildConfigurations = (
				1825965C2825441300D34575 /* Debug */,
				1825965D2825441300D34575 /* Release */,
			);
			defaultConfigurationIsVisible = 0;
			defaultConfigurationName = Release;
		};
		1825965E2825441300D34575 /* Build configuration list for PBXNativeTarget "Mockya" */ = {
			isa = XCConfigurationList;
			buildConfigurations = (
				1825965F2825441300D34575 /* Debug */,
				182596602825441300D34575 /* Release */,
			);
			defaultConfigurationIsVisible = 0;
			defaultConfigurationName = Release;
		};
		182596612825441300D34575 /* Build configuration list for PBXNativeTarget "MockyaTests" */ = {
			isa = XCConfigurationList;
			buildConfigurations = (
				182596622825441300D34575 /* Debug */,
				182596632825441300D34575 /* Release */,
			);
			defaultConfigurationIsVisible = 0;
			defaultConfigurationName = Release;
		};
		182596642825441300D34575 /* Build configuration list for PBXNativeTarget "MockyaUITests" */ = {
			isa = XCConfigurationList;
			buildConfigurations = (
				182596652825441300D34575 /* Debug */,
				182596662825441300D34575 /* Release */,
			);
			defaultConfigurationIsVisible = 0;
			defaultConfigurationName = Release;
		};
/* End XCConfigurationList section */

/* Begin XCRemoteSwiftPackageReference section */
		1825966C2825505300D34575 /* XCRemoteSwiftPackageReference "Moya" */ = {
			isa = XCRemoteSwiftPackageReference;
			repositoryURL = "https://github.com/Moya/Moya.git";
			requirement = {
				kind = exactVersion;
				version = 15.0.0;
			};
		};
/* End XCRemoteSwiftPackageReference section */

/* Begin XCSwiftPackageProductDependency section */
		1825966D2825505300D34575 /* Moya */ = {
			isa = XCSwiftPackageProductDependency;
			package = 1825966C2825505300D34575 /* XCRemoteSwiftPackageReference "Moya" */;
			productName = Moya;
		};
/* End XCSwiftPackageProductDependency section */
	};
	rootObject = 1825962C2825441200D34575 /* Project object */;
}
